// !$*UTF8*$!
{
	archiveVersion = 1;
	classes = {
	};
	objectVersion = 46;
	objects = {

/* Begin PBXBuildFile section */
		E93724481CECB6D3005106BD /* main.m in Sources */ = {isa = PBXBuildFile; fileRef = E93724471CECB6D3005106BD /* main.m */; };
		E937244B1CECB6D3005106BD /* AppDelegate.m in Sources */ = {isa = PBXBuildFile; fileRef = E937244A1CECB6D3005106BD /* AppDelegate.m */; };
		E937244E1CECB6D3005106BD /* ViewController.m in Sources */ = {isa = PBXBuildFile; fileRef = E937244D1CECB6D3005106BD /* ViewController.m */; };
		E93724511CECB6D3005106BD /* Main.storyboard in Resources */ = {isa = PBXBuildFile; fileRef = E937244F1CECB6D3005106BD /* Main.storyboard */; };
		E93724531CECB6D3005106BD /* Assets.xcassets in Resources */ = {isa = PBXBuildFile; fileRef = E93724521CECB6D3005106BD /* Assets.xcassets */; };
		E93724561CECB6D3005106BD /* LaunchScreen.storyboard in Resources */ = {isa = PBXBuildFile; fileRef = E93724541CECB6D3005106BD /* LaunchScreen.storyboard */; };
/* End PBXBuildFile section */

/* Begin PBXFileReference section */
		E93724431CECB6D3005106BD /* InstaKilo.app */ = {isa = PBXFileReference; explicitFileType = wrapper.application; includeInIndex = 0; path = InstaKilo.app; sourceTree = BUILT_PRODUCTS_DIR; };
		E93724471CECB6D3005106BD /* main.m */ = {isa = PBXFileReference; lastKnownFileType = sourcecode.c.objc; path = main.m; sourceTree = "<group>"; };
		E93724491CECB6D3005106BD /* AppDelegate.h */ = {isa = PBXFileReference; lastKnownFileType = sourcecode.c.h; path = AppDelegate.h; sourceTree = "<group>"; };
		E937244A1CECB6D3005106BD /* AppDelegate.m */ = {isa = PBXFileReference; lastKnownFileType = sourcecode.c.objc; path = AppDelegate.m; sourceTree = "<group>"; };
		E937244C1CECB6D3005106BD /* ViewController.h */ = {isa = PBXFileReference; lastKnownFileType = sourcecode.c.h; path = ViewController.h; sourceTree = "<group>"; };
		E937244D1CECB6D3005106BD /* ViewController.m */ = {isa = PBXFileReference; lastKnownFileType = sourcecode.c.objc; path = ViewController.m; sourceTree = "<group>"; };
		E93724501CECB6D3005106BD /* Base */ = {isa = PBXFileReference; lastKnownFileType = file.storyboard; name = Base; path = Base.lproj/Main.storyboard; sourceTree = "<group>"; };
		E93724521CECB6D3005106BD /* Assets.xcassets */ = {isa = PBXFileReference; lastKnownFileType = folder.assetcatalog; path = Assets.xcassets; sourceTree = "<group>"; };
		E93724551CECB6D3005106BD /* Base */ = {isa = PBXFileReference; lastKnownFileType = file.storyboard; name = Base; path = Base.lproj/LaunchScreen.storyboard; sourceTree = "<group>"; };
		E93724571CECB6D3005106BD /* Info.plist */ = {isa = PBXFileReference; lastKnownFileType = text.plist.xml; path = Info.plist; sourceTree = "<group>"; };
/* End PBXFileReference section */

/* Begin PBXFrameworksBuildPhase section */
		E93724401CECB6D3005106BD /* Frameworks */ = {
			isa = PBXFrameworksBuildPhase;
			buildActionMask = 2147483647;
			files = (
			);
			runOnlyForDeploymentPostprocessing = 0;
		};
/* End PBXFrameworksBuildPhase section */

/* Begin PBXGroup section */
		E937243A1CECB6D3005106BD = {
			isa = PBXGroup;
			children = (
				E93724451CECB6D3005106BD /* InstaKilo */,
				E93724441CECB6D3005106BD /* Products */,
			);
			sourceTree = "<group>";
		};
		E93724441CECB6D3005106BD /* Products */ = {
			isa = PBXGroup;
			children = (
				E93724431CECB6D3005106BD /* InstaKilo.app */,
			);
			name = Products;
			sourceTree = "<group>";
		};
		E93724451CECB6D3005106BD /* InstaKilo */ = {
			isa = PBXGroup;
			children = (
				E93724491CECB6D3005106BD /* AppDelegate.h */,
				E937244A1CECB6D3005106BD /* AppDelegate.m */,
				E937244C1CECB6D3005106BD /* ViewController.h */,
				E937244D1CECB6D3005106BD /* ViewController.m */,
				E937244F1CECB6D3005106BD /* Main.storyboard */,
				E93724521CECB6D3005106BD /* Assets.xcassets */,
				E93724541CECB6D3005106BD /* LaunchScreen.storyboard */,
				E93724571CECB6D3005106BD /* Info.plist */,
				E93724461CECB6D3005106BD /* Supporting Files */,
			);
			path = InstaKilo;
			sourceTree = "<group>";
		};
		E93724461CECB6D3005106BD /* Supporting Files */ = {
			isa = PBXGroup;
			children = (
				E93724471CECB6D3005106BD /* main.m */,
			);
			name = "Supporting Files";
			sourceTree = "<group>";
		};
/* End PBXGroup section */

/* Begin PBXNativeTarget section */
		E93724421CECB6D3005106BD /* InstaKilo */ = {
			isa = PBXNativeTarget;
			buildConfigurationList = E937245A1CECB6D3005106BD /* Build configuration list for PBXNativeTarget "InstaKilo" */;
			buildPhases = (
				E937243F1CECB6D3005106BD /* Sources */,
				E93724401CECB6D3005106BD /* Frameworks */,
				E93724411CECB6D3005106BD /* Resources */,
			);
			buildRules = (
			);
			dependencies = (
			);
			name = InstaKilo;
			productName = InstaKilo;
			productReference = E93724431CECB6D3005106BD /* InstaKilo.app */;
			productType = "com.apple.product-type.application";
		};
/* End PBXNativeTarget section */

/* Begin PBXProject section */
		E937243B1CECB6D3005106BD /* Project object */ = {
			isa = PBXProject;
			attributes = {
				LastUpgradeCheck = 0730;
				ORGANIZATIONNAME = "Anton Moiseev";
				TargetAttributes = {
					E93724421CECB6D3005106BD = {
						CreatedOnToolsVersion = 7.3;
					};
				};
			};
			buildConfigurationList = E937243E1CECB6D3005106BD /* Build configuration list for PBXProject "InstaKilo" */;
			compatibilityVersion = "Xcode 3.2";
			developmentRegion = English;
			hasScannedForEncodings = 0;
			knownRegions = (
				en,
				Base,
			);
			mainGroup = E937243A1CECB6D3005106BD;
			productRefGroup = E93724441CECB6D3005106BD /* Products */;
			projectDirPath = "";
			projectRoot = "";
			targets = (
				E93724421CECB6D3005106BD /* InstaKilo */,
			);
		};
/* End PBXProject section */

/* Begin PBXResourcesBuildPhase section */
		E93724411CECB6D3005106BD /* Resources */ = {
			isa = PBXResourcesBuildPhase;
			buildActionMask = 2147483647;
			files = (
				E93724561CECB6D3005106BD /* LaunchScreen.storyboard in Resources */,
				E93724531CECB6D3005106BD /* Assets.xcassets in Resources */,
				E93724511CECB6D3005106BD /* Main.storyboard in Resources */,
			);
			runOnlyForDeploymentPostprocessing = 0;
		};
/* End PBXResourcesBuildPhase section */

/* Begin PBXSourcesBuildPhase section */
		E937243F1CECB6D3005106BD /* Sources */ = {
			isa = PBXSourcesBuildPhase;
			buildActionMask = 2147483647;
			files = (
				E937244E1CECB6D3005106BD /* ViewController.m in Sources */,
				E937244B1CECB6D3005106BD /* AppDelegate.m in Sources */,
				E93724481CECB6D3005106BD /* main.m in Sources */,
			);
			runOnlyForDeploymentPostprocessing = 0;
		};
/* End PBXSourcesBuildPhase section */

/* Begin PBXVariantGroup section */
		E937244F1CECB6D3005106BD /* Main.storyboard */ = {
			isa = PBXVariantGroup;
			children = (
				E93724501CECB6D3005106BD /* Base */,
			);
			name = Main.storyboard;
			sourceTree = "<group>";
		};
		E93724541CECB6D3005106BD /* LaunchScreen.storyboard */ = {
			isa = PBXVariantGroup;
			children = (
				E93724551CECB6D3005106BD /* Base */,
			);
			name = LaunchScreen.storyboard;
			sourceTree = "<group>";
		};
/* End PBXVariantGroup section */

/* Begin XCBuildConfiguration section */
		E93724581CECB6D3005106BD /* Debug */ = {
			isa = XCBuildConfiguration;
			buildSettings = {
				ALWAYS_SEARCH_USER_PATHS = NO;
				CLANG_ANALYZER_NONNULL = YES;
				CLANG_CXX_LANGUAGE_STANDARD = "gnu++0x";
				CLANG_CXX_LIBRARY = "libc++";
				CLANG_ENABLE_MODULES = YES;
				CLANG_ENABLE_OBJC_ARC = YES;
				CLANG_WARN_BOOL_CONVERSION = YES;
				CLANG_WARN_CONSTANT_CONVERSION = YES;
				CLANG_WARN_DIRECT_OBJC_ISA_USAGE = YES_ERROR;
				CLANG_WARN_EMPTY_BODY = YES;
				CLANG_WARN_ENUM_CONVERSION = YES;
				CLANG_WARN_INT_CONVERSION = YES;
				CLANG_WARN_OBJC_ROOT_CLASS = YES_ERROR;
				CLANG_WARN_UNREACHABLE_CODE = YES;
				CLANG_WARN__DUPLICATE_METHOD_MATCH = YES;
				"CODE_SIGN_IDENTITY[sdk=iphoneos*]" = "iPhone Developer";
				COPY_PHASE_STRIP = NO;
				DEBUG_INFORMATION_FORMAT = dwarf;
				ENABLE_STRICT_OBJC_MSGSEND = YES;
				ENABLE_TESTABILITY = YES;
				GCC_C_LANGUAGE_STANDARD = gnu99;
				GCC_DYNAMIC_NO_PIC = NO;
				GCC_NO_COMMON_BLOCKS = YES;
				GCC_OPTIMIZATION_LEVEL = 0;
				GCC_PREPROCESSOR_DEFINITIONS = (
					"DEBUG=1",
					"$(inherited)",
				);
				GCC_WARN_64_TO_32_BIT_CONVERSION = YES;
				GCC_WARN_ABOUT_RETURN_TYPE = YES_ERROR;
				GCC_WARN_UNDECLARED_SELECTOR = YES;
				GCC_WARN_UNINITIALIZED_AUTOS = YES_AGGRESSIVE;
				GCC_WARN_UNUSED_FUNCTION = YES;
				GCC_WARN_UNUSED_VARIABLE = YES;
				IPHONEOS_DEPLOYMENT_TARGET = 9.3;
				MTL_ENABLE_DEBUG_INFO = YES;
				ONLY_ACTIVE_ARCH = YES;
				SDKROOT = iphoneos;
			};
			name = Debug;
		};
		E93724591CECB6D3005106BD /* Release */ = {
			isa = XCBuildConfiguration;
			buildSettings = {
				ALWAYS_SEARCH_USER_PATHS = NO;
				CLANG_ANALYZER_NONNULL = YES;
				CLANG_CXX_LANGUAGE_STANDARD = "gnu++0x";
				CLANG_CXX_LIBRARY = "libc++";
				CLANG_ENABLE_MODULES = YES;
				CLANG_ENABLE_OBJC_ARC = YES;
				CLANG_WARN_BOOL_CONVERSION = YES;
				CLANG_WARN_CONSTANT_CONVERSION = YES;
				CLANG_WARN_DIRECT_OBJC_ISA_USAGE = YES_ERROR;
				CLANG_WARN_EMPTY_BODY = YES;
				CLANG_WARN_ENUM_CONVERSION = YES;
				CLANG_WARN_INT_CONVERSION = YES;
				CLANG_WARN_OBJC_ROOT_CLASS = YES_ERROR;
				CLANG_WARN_UNREACHABLE_CODE = YES;
				CLANG_WARN__DUPLICATE_METHOD_MATCH = YES;
				"CODE_SIGN_IDENTITY[sdk=iphoneos*]" = "iPhone Developer";
				COPY_PHASE_STRIP = NO;
				DEBUG_INFORMATION_FORMAT = "dwarf-with-dsym";
				ENABLE_NS_ASSERTIONS = NO;
				ENABLE_STRICT_OBJC_MSGSEND = YES;
				GCC_C_LANGUAGE_STANDARD = gnu99;
				GCC_NO_COMMON_BLOCKS = YES;
				GCC_WARN_64_TO_32_BIT_CONVERSION = YES;
				GCC_WARN_ABOUT_RETURN_TYPE = YES_ERROR;
				GCC_WARN_UNDECLARED_SELECTOR = YES;
				GCC_WARN_UNINITIALIZED_AUTOS = YES_AGGRESSIVE;
				GCC_WARN_UNUSED_FUNCTION = YES;
				GCC_WARN_UNUSED_VARIABLE = YES;
				IPHONEOS_DEPLOYMENT_TARGET = 9.3;
				MTL_ENABLE_DEBUG_INFO = NO;
				SDKROOT = iphoneos;
				VALIDATE_PRODUCT = YES;
			};
			name = Release;
		};
		E937245B1CECB6D3005106BD /* Debug */ = {
			isa = XCBuildConfiguration;
			buildSettings = {
				ASSETCATALOG_COMPILER_APPICON_NAME = AppIcon;
				INFOPLIST_FILE = InstaKilo/Info.plist;
				LD_RUNPATH_SEARCH_PATHS = "$(inherited) @executable_path/Frameworks";
				PRODUCT_BUNDLE_IDENTIFIER = com.moiseevanton.InstaKilo;
				PRODUCT_NAME = "$(TARGET_NAME)";
			};
			name = Debug;
		};
		E937245C1CECB6D3005106BD /* Release */ = {
			isa = XCBuildConfiguration;
			buildSettings = {
				ASSETCATALOG_COMPILER_APPICON_NAME = AppIcon;
				INFOPLIST_FILE = InstaKilo/Info.plist;
				LD_RUNPATH_SEARCH_PATHS = "$(inherited) @executable_path/Frameworks";
				PRODUCT_BUNDLE_IDENTIFIER = com.moiseevanton.InstaKilo;
				PRODUCT_NAME = "$(TARGET_NAME)";
			};
			name = Release;
		};
/* End XCBuildConfiguration section */

/* Begin XCConfigurationList section */
		E937243E1CECB6D3005106BD /* Build configuration list for PBXProject "InstaKilo" */ = {
			isa = XCConfigurationList;
			buildConfigurations = (
				E93724581CECB6D3005106BD /* Debug */,
				E93724591CECB6D3005106BD /* Release */,
			);
			defaultConfigurationIsVisible = 0;
			defaultConfigurationName = Release;
		};
		E937245A1CECB6D3005106BD /* Build configuration list for PBXNativeTarget "InstaKilo" */ = {
			isa = XCConfigurationList;
			buildConfigurations = (
				E937245B1CECB6D3005106BD /* Debug */,
				E937245C1CECB6D3005106BD /* Release */,
			);
			defaultConfigurationIsVisible = 0;
		};
/* End XCConfigurationList section */
	};
	rootObject = E937243B1CECB6D3005106BD /* Project object */;
}
